
Microsoft Visual Studio Solution File, Format Version 12.00
Project("{FAE04EC0-301F-11D3-BF4B-00C04F79EFBC}") = "Bookings", "Bookings\Bookings.csproj", "{1D36B24F-41C5-4ABB-878E-53E651840CAB}"
EndProject
Project("{FAE04EC0-301F-11D3-BF4B-00C04F79EFBC}") = "Bookings.Domain", "Bookings.Domain\Bookings.Domain.csproj", "{24495281-F98A-4C27-9A15-1C6C8964D0F8}"
EndProject
Project("{FAE04EC0-301F-11D3-BF4B-00C04F79EFBC}") = "Payments", "Payments\Payments.csproj", "{6CC01C47-751C-4B2B-A298-758F0252D110}"
EndProject
Project("{2150E333-8FDC-42A3-9474-1A3956D46DE8}") = "Libs", "Libs", "{207A9EBF-52FC-4A40-A5BD-AF50B747DF64}"
EndProject
Project("{FAE04EC0-301F-11D3-BF4B-00C04F79EFBC}") = "MongoTools", "MongoTools\MongoTools.csproj", "{5AE8C301-C40A-4F6B-894E-D8763E870955}"
EndProject
Project("{FAE04EC0-301F-11D3-BF4B-00C04F79EFBC}") = "CoreLib", "CoreLib\CoreLib.csproj", "{D338EEFD-F2BC-4AF4-A66B-F73263CCF4CD}"
EndProject
Project("{FAE04EC0-301F-11D3-BF4B-00C04F79EFBC}") = "CoreLib.Mongo", "CoreLib.Mongo\CoreLib.Mongo.csproj", "{C5028AFB-B5AE-4B0F-AB0C-D3F0F0B2A5F4}"
EndProject
Global
	GlobalSection(SolutionConfigurationPlatforms) = preSolution
		Debug|Any CPU = Debug|Any CPU
		Release|Any CPU = Release|Any CPU
	EndGlobalSection
	GlobalSection(ProjectConfigurationPlatforms) = postSolution
		{1D36B24F-41C5-4ABB-878E-53E651840CAB}.Debug|Any CPU.ActiveCfg = Debug|Any CPU
		{1D36B24F-41C5-4ABB-878E-53E651840CAB}.Debug|Any CPU.Build.0 = Debug|Any CPU
		{1D36B24F-41C5-4ABB-878E-53E651840CAB}.Release|Any CPU.ActiveCfg = Release|Any CPU
		{1D36B24F-41C5-4ABB-878E-53E651840CAB}.Release|Any CPU.Build.0 = Release|Any CPU
		{24495281-F98A-4C27-9A15-1C6C8964D0F8}.Debug|Any CPU.ActiveCfg = Debug|Any CPU
		{24495281-F98A-4C27-9A15-1C6C8964D0F8}.Debug|Any CPU.Build.0 = Debug|Any CPU
		{24495281-F98A-4C27-9A15-1C6C8964D0F8}.Release|Any CPU.ActiveCfg = Release|Any CPU
		{24495281-F98A-4C27-9A15-1C6C8964D0F8}.Release|Any CPU.Build.0 = Release|Any CPU
		{6CC01C47-751C-4B2B-A298-758F0252D110}.Debug|Any CPU.ActiveCfg = Debug|Any CPU
		{6CC01C47-751C-4B2B-A298-758F0252D110}.Debug|Any CPU.Build.0 = Debug|Any CPU
		{6CC01C47-751C-4B2B-A298-758F0252D110}.Release|Any CPU.ActiveCfg = Release|Any CPU
		{6CC01C47-751C-4B2B-A298-758F0252D110}.Release|Any CPU.Build.0 = Release|Any CPU
		{5AE8C301-C40A-4F6B-894E-D8763E870955}.Debug|Any CPU.ActiveCfg = Debug|Any CPU
		{5AE8C301-C40A-4F6B-894E-D8763E870955}.Debug|Any CPU.Build.0 = Debug|Any CPU
		{5AE8C301-C40A-4F6B-894E-D8763E870955}.Release|Any CPU.ActiveCfg = Release|Any CPU
		{5AE8C301-C40A-4F6B-894E-D8763E870955}.Release|Any CPU.Build.0 = Release|Any CPU
		{D338EEFD-F2BC-4AF4-A66B-F73263CCF4CD}.Debug|Any CPU.ActiveCfg = Debug|Any CPU
		{D338EEFD-F2BC-4AF4-A66B-F73263CCF4CD}.Debug|Any CPU.Build.0 = Debug|Any CPU
		{D338EEFD-F2BC-4AF4-A66B-F73263CCF4CD}.Release|Any CPU.ActiveCfg = Release|Any CPU
		{D338EEFD-F2BC-4AF4-A66B-F73263CCF4CD}.Release|Any CPU.Build.0 = Release|Any CPU
		{C5028AFB-B5AE-4B0F-AB0C-D3F0F0B2A5F4}.Debug|Any CPU.ActiveCfg = Debug|Any CPU
		{C5028AFB-B5AE-4B0F-AB0C-D3F0F0B2A5F4}.Debug|Any CPU.Build.0 = Debug|Any CPU
		{C5028AFB-B5AE-4B0F-AB0C-D3F0F0B2A5F4}.Release|Any CPU.ActiveCfg = Release|Any CPU
		{C5028AFB-B5AE-4B0F-AB0C-D3F0F0B2A5F4}.Release|Any CPU.Build.0 = Release|Any CPU
	EndGlobalSection
	GlobalSection(NestedProjects) = preSolution
		{5AE8C301-C40A-4F6B-894E-D8763E870955} = {207A9EBF-52FC-4A40-A5BD-AF50B747DF64}
		{D338EEFD-F2BC-4AF4-A66B-F73263CCF4CD} = {207A9EBF-52FC-4A40-A5BD-AF50B747DF64}
		{C5028AFB-B5AE-4B0F-AB0C-D3F0F0B2A5F4} = {207A9EBF-52FC-4A40-A5BD-AF50B747DF64}
	EndGlobalSection
EndGlobal
