
Microsoft Visual Studio Solution File, Format Version 12.00
Project("{FAE04EC0-301F-11D3-BF4B-00C04F79EFBC}") = "Bookings", "Bookings\Bookings.csproj", "{1D36B24F-41C5-4ABB-878E-53E651840CAB}"
EndProject
Project("{FAE04EC0-301F-11D3-BF4B-00C04F79EFBC}") = "MongoTools", "MongoTools\MongoTools.csproj", "{7BB67031-0284-4CD9-BA04-06E850FD1ED2}"
EndProject
Project("{FAE04EC0-301F-11D3-BF4B-00C04F79EFBC}") = "CoreLib", "CoreLib\CoreLib.csproj", "{CCD3BFF3-D94A-4A07-84A8-F77B91BD10F7}"
EndProject
Project("{FAE04EC0-301F-11D3-BF4B-00C04F79EFBC}") = "Bookings.Domain", "Bookings.Domain\Bookings.Domain.csproj", "{24495281-F98A-4C27-9A15-1C6C8964D0F8}"
EndProject
Project("{FAE04EC0-301F-11D3-BF4B-00C04F79EFBC}") = "Payments", "Payments\Payments.csproj", "{6CC01C47-751C-4B2B-A298-758F0252D110}"
EndProject
Global
	GlobalSection(SolutionConfigurationPlatforms) = preSolution
		Debug|Any CPU = Debug|Any CPU
		Release|Any CPU = Release|Any CPU
	EndGlobalSection
	GlobalSection(ProjectConfigurationPlatforms) = postSolution
		{1D36B24F-41C5-4ABB-878E-53E651840CAB}.Debug|Any CPU.ActiveCfg = Debug|Any CPU
		{1D36B24F-41C5-4ABB-878E-53E651840CAB}.Debug|Any CPU.Build.0 = Debug|Any CPU
		{1D36B24F-41C5-4ABB-878E-53E651840CAB}.Release|Any CPU.ActiveCfg = Release|Any CPU
		{1D36B24F-41C5-4ABB-878E-53E651840CAB}.Release|Any CPU.Build.0 = Release|Any CPU
		{7BB67031-0284-4CD9-BA04-06E850FD1ED2}.Debug|Any CPU.ActiveCfg = Debug|Any CPU
		{7BB67031-0284-4CD9-BA04-06E850FD1ED2}.Debug|Any CPU.Build.0 = Debug|Any CPU
		{7BB67031-0284-4CD9-BA04-06E850FD1ED2}.Release|Any CPU.ActiveCfg = Release|Any CPU
		{7BB67031-0284-4CD9-BA04-06E850FD1ED2}.Release|Any CPU.Build.0 = Release|Any CPU
		{CCD3BFF3-D94A-4A07-84A8-F77B91BD10F7}.Debug|Any CPU.ActiveCfg = Debug|Any CPU
		{CCD3BFF3-D94A-4A07-84A8-F77B91BD10F7}.Debug|Any CPU.Build.0 = Debug|Any CPU
		{CCD3BFF3-D94A-4A07-84A8-F77B91BD10F7}.Release|Any CPU.ActiveCfg = Release|Any CPU
		{CCD3BFF3-D94A-4A07-84A8-F77B91BD10F7}.Release|Any CPU.Build.0 = Release|Any CPU
		{24495281-F98A-4C27-9A15-1C6C8964D0F8}.Debug|Any CPU.ActiveCfg = Debug|Any CPU
		{24495281-F98A-4C27-9A15-1C6C8964D0F8}.Debug|Any CPU.Build.0 = Debug|Any CPU
		{24495281-F98A-4C27-9A15-1C6C8964D0F8}.Release|Any CPU.ActiveCfg = Release|Any CPU
		{24495281-F98A-4C27-9A15-1C6C8964D0F8}.Release|Any CPU.Build.0 = Release|Any CPU
		{6CC01C47-751C-4B2B-A298-758F0252D110}.Debug|Any CPU.ActiveCfg = Debug|Any CPU
		{6CC01C47-751C-4B2B-A298-758F0252D110}.Debug|Any CPU.Build.0 = Debug|Any CPU
		{6CC01C47-751C-4B2B-A298-758F0252D110}.Release|Any CPU.ActiveCfg = Release|Any CPU
		{6CC01C47-751C-4B2B-A298-758F0252D110}.Release|Any CPU.Build.0 = Release|Any CPU
	EndGlobalSection
EndGlobal
